<Solution>
  <Configurations>
    <Platform Name="x64" />
    <Platform Name="x86" />
  </Configurations>
  <Project Path="Addressbook_step1/Addressbook_step1.vcxproj" Id="72978752-0f3e-4d6f-a8ff-03dd7bb73af4" />
  <Project Path="Addressbook_step2/Addressbook_step2.vcxproj" Id="a333a549-0db8-4622-8ddd-e23b2f7aa14f" />
  <Project Path="Addressbook_step4/Addressbook_step4.vcxproj" Id="8dbbdc2b-a149-4dd9-9d51-7efbd7f6fcbc" />
  <Project Path="Addressbook_step5/Addressbook_step5.vcxproj" Id="fcb2332e-3a44-4aae-ac87-676ef3e66fbf" />
  <Project Path="Addressbook_step6/Addressbook_step6.vcxproj" />
</Solution>
