<Solution>
  <Configurations>
    <Platform Name="x64" />
    <Platform Name="x86" />
  </Configurations>
  <Project Path="Addressbook_step1/Addressbook_step1.vcxproj" Id="72978752-0f3e-4d6f-a8ff-03dd7bb73af4" />
  <Project Path="Addressbook_step2/Addressbook_step2.vcxproj" Id="a333a549-0db8-4622-8ddd-e23b2f7aa14f" />
  <Project Path="Addressbook_step3/Addressbook_step3.vcxproj" />
  <Project Path="Addressbook_step4/Addressbook_step4.vcxproj" />
</Solution>
